
Microsoft Visual Studio Solution File, Format Version 12.00
# Visual Studio 2013
VisualStudioVersion = 12.0.30723.0
MinimumVisualStudioVersion = 10.0.40219.1
Project("{FAE04EC0-301F-11D3-BF4B-00C04F79EFBC}") = "AppFunc", "src\AppFunc\AppFunc.csproj", "{F3080FA9-CAC1-4B5E-B7A2-DD305E5BB0E5}"
EndProject
Project("{2150E333-8FDC-42A3-9474-1A3956D46DE8}") = "Solution Items", "Solution Items", "{A205032C-23F3-4D0E-B2CC-EB4235DEBD65}"
	ProjectSection(SolutionItems) = preProject
		build.cmd = build.cmd
		build.fsx = build.fsx
		CONTRIBUTING.md = CONTRIBUTING.md
		LICENSE.txt = LICENSE.txt
		README.md = README.md
		SolutionInfo.cs = SolutionInfo.cs
	EndProjectSection
EndProject
Project("{2150E333-8FDC-42A3-9474-1A3956D46DE8}") = "Extensions", "Extensions", "{4D4E6BAF-6D65-4413-A791-77A711A6120B}"
EndProject
Project("{FAE04EC0-301F-11D3-BF4B-00C04F79EFBC}") = "AppFunc.Autofac", "src\AppFunc.Autofac\AppFunc.Autofac.csproj", "{42DDBE34-24C5-4AF7-9B8D-88C3FFE93126}"
EndProject
Project("{FAE04EC0-301F-11D3-BF4B-00C04F79EFBC}") = "AppFunc.SimpleInjector", "src\AppFunc.SimpleInjector\AppFunc.SimpleInjector.csproj", "{2B9DB824-FBA5-48BF-ABB3-579C5BA3077B}"
EndProject
Project("{FAE04EC0-301F-11D3-BF4B-00C04F79EFBC}") = "AppFunc.StructureMap", "src\AppFunc.StructureMap\AppFunc.StructureMap.csproj", "{943746DB-CD60-4ECF-B2A5-B30562DA52D5}"
EndProject
Project("{FAE04EC0-301F-11D3-BF4B-00C04F79EFBC}") = "AppFunc.Unity", "src\AppFunc.Unity\AppFunc.Unity.csproj", "{58F3A9BC-24C1-4F91-8070-4534A5D6E27C}"
EndProject
Global
	GlobalSection(SolutionConfigurationPlatforms) = preSolution
		Debug|Any CPU = Debug|Any CPU
		Release|Any CPU = Release|Any CPU
	EndGlobalSection
	GlobalSection(ProjectConfigurationPlatforms) = postSolution
		{F3080FA9-CAC1-4B5E-B7A2-DD305E5BB0E5}.Debug|Any CPU.ActiveCfg = Debug|Any CPU
		{F3080FA9-CAC1-4B5E-B7A2-DD305E5BB0E5}.Debug|Any CPU.Build.0 = Debug|Any CPU
		{F3080FA9-CAC1-4B5E-B7A2-DD305E5BB0E5}.Release|Any CPU.ActiveCfg = Release|Any CPU
		{F3080FA9-CAC1-4B5E-B7A2-DD305E5BB0E5}.Release|Any CPU.Build.0 = Release|Any CPU
		{42DDBE34-24C5-4AF7-9B8D-88C3FFE93126}.Debug|Any CPU.ActiveCfg = Debug|Any CPU
		{42DDBE34-24C5-4AF7-9B8D-88C3FFE93126}.Debug|Any CPU.Build.0 = Debug|Any CPU
		{42DDBE34-24C5-4AF7-9B8D-88C3FFE93126}.Release|Any CPU.ActiveCfg = Release|Any CPU
		{42DDBE34-24C5-4AF7-9B8D-88C3FFE93126}.Release|Any CPU.Build.0 = Release|Any CPU
		{2B9DB824-FBA5-48BF-ABB3-579C5BA3077B}.Debug|Any CPU.ActiveCfg = Debug|Any CPU
		{2B9DB824-FBA5-48BF-ABB3-579C5BA3077B}.Debug|Any CPU.Build.0 = Debug|Any CPU
		{2B9DB824-FBA5-48BF-ABB3-579C5BA3077B}.Release|Any CPU.ActiveCfg = Release|Any CPU
		{2B9DB824-FBA5-48BF-ABB3-579C5BA3077B}.Release|Any CPU.Build.0 = Release|Any CPU
		{943746DB-CD60-4ECF-B2A5-B30562DA52D5}.Debug|Any CPU.ActiveCfg = Debug|Any CPU
		{943746DB-CD60-4ECF-B2A5-B30562DA52D5}.Debug|Any CPU.Build.0 = Debug|Any CPU
		{943746DB-CD60-4ECF-B2A5-B30562DA52D5}.Release|Any CPU.ActiveCfg = Release|Any CPU
		{943746DB-CD60-4ECF-B2A5-B30562DA52D5}.Release|Any CPU.Build.0 = Release|Any CPU
		{58F3A9BC-24C1-4F91-8070-4534A5D6E27C}.Debug|Any CPU.ActiveCfg = Debug|Any CPU
		{58F3A9BC-24C1-4F91-8070-4534A5D6E27C}.Debug|Any CPU.Build.0 = Debug|Any CPU
		{58F3A9BC-24C1-4F91-8070-4534A5D6E27C}.Release|Any CPU.ActiveCfg = Release|Any CPU
		{58F3A9BC-24C1-4F91-8070-4534A5D6E27C}.Release|Any CPU.Build.0 = Release|Any CPU
	EndGlobalSection
	GlobalSection(SolutionProperties) = preSolution
		HideSolutionNode = FALSE
	EndGlobalSection
	GlobalSection(NestedProjects) = preSolution
		{42DDBE34-24C5-4AF7-9B8D-88C3FFE93126} = {4D4E6BAF-6D65-4413-A791-77A711A6120B}
		{2B9DB824-FBA5-48BF-ABB3-579C5BA3077B} = {4D4E6BAF-6D65-4413-A791-77A711A6120B}
		{943746DB-CD60-4ECF-B2A5-B30562DA52D5} = {4D4E6BAF-6D65-4413-A791-77A711A6120B}
		{58F3A9BC-24C1-4F91-8070-4534A5D6E27C} = {4D4E6BAF-6D65-4413-A791-77A711A6120B}
	EndGlobalSection
EndGlobal
